// !$*UTF8*$!
{
	archiveVersion = 1;
	classes = {
	};
	objectVersion = 46;
	objects = {

/* Begin PBXBuildFile section */
		18BA19781EB479EB00B9A06E /* AppDelegate.swift in Sources */ = {isa = PBXBuildFile; fileRef = 18BA19771EB479EB00B9A06E /* AppDelegate.swift */; };
		18BA197A1EB479EB00B9A06E /* ViewController.swift in Sources */ = {isa = PBXBuildFile; fileRef = 18BA19791EB479EB00B9A06E /* ViewController.swift */; };
		18BA197D1EB479EB00B9A06E /* Main.storyboard in Resources */ = {isa = PBXBuildFile; fileRef = 18BA197B1EB479EB00B9A06E /* Main.storyboard */; };
		18BA197F1EB479EB00B9A06E /* Assets.xcassets in Resources */ = {isa = PBXBuildFile; fileRef = 18BA197E1EB479EB00B9A06E /* Assets.xcassets */; };
		18BA19821EB479EB00B9A06E /* LaunchScreen.storyboard in Resources */ = {isa = PBXBuildFile; fileRef = 18BA19801EB479EB00B9A06E /* LaunchScreen.storyboard */; };
/* End PBXBuildFile section */

/* Begin PBXFileReference section */
		18BA19741EB479EB00B9A06E /* 3D Touch Demo.app */ = {isa = PBXFileReference; explicitFileType = wrapper.application; includeInIndex = 0; path = "3D Touch Demo.app"; sourceTree = BUILT_PRODUCTS_DIR; };
		18BA19771EB479EB00B9A06E /* AppDelegate.swift */ = {isa = PBXFileReference; lastKnownFileType = sourcecode.swift; path = AppDelegate.swift; sourceTree = "<group>"; };
		18BA19791EB479EB00B9A06E /* ViewController.swift */ = {isa = PBXFileReference; lastKnownFileType = sourcecode.swift; path = ViewController.swift; sourceTree = "<group>"; };
		18BA197C1EB479EB00B9A06E /* Base */ = {isa = PBXFileReference; lastKnownFileType = file.storyboard; name = Base; path = Base.lproj/Main.storyboard; sourceTree = "<group>"; };
		18BA197E1EB479EB00B9A06E /* Assets.xcassets */ = {isa = PBXFileReference; lastKnownFileType = folder.assetcatalog; path = Assets.xcassets; sourceTree = "<group>"; };
		18BA19811EB479EB00B9A06E /* Base */ = {isa = PBXFileReference; lastKnownFileType = file.storyboard; name = Base; path = Base.lproj/LaunchScreen.storyboard; sourceTree = "<group>"; };
		18BA19831EB479EB00B9A06E /* Info.plist */ = {isa = PBXFileReference; lastKnownFileType = text.plist.xml; path = Info.plist; sourceTree = "<group>"; };
/* End PBXFileReference section */

/* Begin PBXFrameworksBuildPhase section */
		18BA19711EB479EB00B9A06E /* Frameworks */ = {
			isa = PBXFrameworksBuildPhase;
			buildActionMask = 2147483647;
			files = (
			);
			runOnlyForDeploymentPostprocessing = 0;
		};
/* End PBXFrameworksBuildPhase section */

/* Begin PBXGroup section */
		18BA196B1EB479EB00B9A06E = {
			isa = PBXGroup;
			children = (
				18BA19761EB479EB00B9A06E /* 3D Touch Demo */,
				18BA19751EB479EB00B9A06E /* Products */,
			);
			sourceTree = "<group>";
		};
		18BA19751EB479EB00B9A06E /* Products */ = {
			isa = PBXGroup;
			children = (
				18BA19741EB479EB00B9A06E /* 3D Touch Demo.app */,
			);
			name = Products;
			sourceTree = "<group>";
		};
		18BA19761EB479EB00B9A06E /* 3D Touch Demo */ = {
			isa = PBXGroup;
			children = (
				18BA19771EB479EB00B9A06E /* AppDelegate.swift */,
				18BA19791EB479EB00B9A06E /* ViewController.swift */,
				18BA197B1EB479EB00B9A06E /* Main.storyboard */,
				18BA197E1EB479EB00B9A06E /* Assets.xcassets */,
				18BA19801EB479EB00B9A06E /* LaunchScreen.storyboard */,
				18BA19831EB479EB00B9A06E /* Info.plist */,
			);
			path = "3D Touch Demo";
			sourceTree = "<group>";
		};
/* End PBXGroup section */

/* Begin PBXNativeTarget section */
		18BA19731EB479EB00B9A06E /* 3D Touch Demo */ = {
			isa = PBXNativeTarget;
			buildConfigurationList = 18BA19861EB479EB00B9A06E /* Build configuration list for PBXNativeTarget "3D Touch Demo" */;
			buildPhases = (
				18BA19701EB479EB00B9A06E /* Sources */,
				18BA19711EB479EB00B9A06E /* Frameworks */,
				18BA19721EB479EB00B9A06E /* Resources */,
			);
			buildRules = (
			);
			dependencies = (
			);
			name = "3D Touch Demo";
			productName = "3D Touch Demo";
			productReference = 18BA19741EB479EB00B9A06E /* 3D Touch Demo.app */;
			productType = "com.apple.product-type.application";
		};
/* End PBXNativeTarget section */

/* Begin PBXProject section */
		18BA196C1EB479EB00B9A06E /* Project object */ = {
			isa = PBXProject;
			attributes = {
				LastSwiftUpdateCheck = 0830;
				LastUpgradeCheck = 0830;
				ORGANIZATIONNAME = Ossey;
				TargetAttributes = {
					18BA19731EB479EB00B9A06E = {
						CreatedOnToolsVersion = 8.3.1;
						DevelopmentTeam = NKW67GFDHM;
						ProvisioningStyle = Automatic;
					};
				};
			};
			buildConfigurationList = 18BA196F1EB479EB00B9A06E /* Build configuration list for PBXProject "3D Touch Demo" */;
			compatibilityVersion = "Xcode 3.2";
			developmentRegion = English;
			hasScannedForEncodings = 0;
			knownRegions = (
				en,
				Base,
			);
			mainGroup = 18BA196B1EB479EB00B9A06E;
			productRefGroup = 18BA19751EB479EB00B9A06E /* Products */;
			projectDirPath = "";
			projectRoot = "";
			targets = (
				18BA19731EB479EB00B9A06E /* 3D Touch Demo */,
			);
		};
/* End PBXProject section */

/* Begin PBXResourcesBuildPhase section */
		18BA19721EB479EB00B9A06E /* Resources */ = {
			isa = PBXResourcesBuildPhase;
			buildActionMask = 2147483647;
			files = (
				18BA19821EB479EB00B9A06E /* LaunchScreen.storyboard in Resources */,
				18BA197F1EB479EB00B9A06E /* Assets.xcassets in Resources */,
				18BA197D1EB479EB00B9A06E /* Main.storyboard in Resources */,
			);
			runOnlyForDeploymentPostprocessing = 0;
		};
/* End PBXResourcesBuildPhase section */

/* Begin PBXSourcesBuildPhase section */
		18BA19701EB479EB00B9A06E /* Sources */ = {
			isa = PBXSourcesBuildPhase;
			buildActionMask = 2147483647;
			files = (
				18BA197A1EB479EB00B9A06E /* ViewController.swift in Sources */,
				18BA19781EB479EB00B9A06E /* AppDelegate.swift in Sources */,
			);
			runOnlyForDeploymentPostprocessing = 0;
		};
/* End PBXSourcesBuildPhase section */

/* Begin PBXVariantGroup section */
		18BA197B1EB479EB00B9A06E /* Main.storyboard */ = {
			isa = PBXVariantGroup;
			children = (
				18BA197C1EB479EB00B9A06E /* Base */,
			);
			name = Main.storyboard;
			sourceTree = "<group>";
		};
		18BA19801EB479EB00B9A06E /* LaunchScreen.storyboard */ = {
			isa = PBXVariantGroup;
			children = (
				18BA19811EB479EB00B9A06E /* Base */,
			);
			name = LaunchScreen.storyboard;
			sourceTree = "<group>";
		};
/* End PBXVariantGroup section */

/* Begin XCBuildConfiguration section */
		18BA19841EB479EB00B9A06E /* Debug */ = {
			isa = XCBuildConfiguration;
			buildSettings = {
				ALWAYS_SEARCH_USER_PATHS = NO;
				CLANG_ANALYZER_NONNULL = YES;
				CLANG_ANALYZER_NUMBER_OBJECT_CONVERSION = YES_AGGRESSIVE;
				CLANG_CXX_LANGUAGE_STANDARD = "gnu++0x";
				CLANG_CXX_LIBRARY = "libc++";
				CLANG_ENABLE_MODULES = YES;
				CLANG_ENABLE_OBJC_ARC = YES;
				CLANG_WARN_BOOL_CONVERSION = YES;
				CLANG_WARN_CONSTANT_CONVERSION = YES;
				CLANG_WARN_DIRECT_OBJC_ISA_USAGE = YES_ERROR;
				CLANG_WARN_DOCUMENTATION_COMMENTS = YES;
				CLANG_WARN_EMPTY_BODY = YES;
				CLANG_WARN_ENUM_CONVERSION = YES;
				CLANG_WARN_INFINITE_RECURSION = YES;
				CLANG_WARN_INT_CONVERSION = YES;
				CLANG_WARN_OBJC_ROOT_CLASS = YES_ERROR;
				CLANG_WARN_SUSPICIOUS_MOVE = YES;
				CLANG_WARN_UNREACHABLE_CODE = YES;
				CLANG_WARN__DUPLICATE_METHOD_MATCH = YES;
				"CODE_SIGN_IDENTITY[sdk=iphoneos*]" = "iPhone Developer";
				COPY_PHASE_STRIP = NO;
				DEBUG_INFORMATION_FORMAT = dwarf;
				ENABLE_STRICT_OBJC_MSGSEND = YES;
				ENABLE_TESTABILITY = YES;
				GCC_C_LANGUAGE_STANDARD = gnu99;
				GCC_DYNAMIC_NO_PIC = NO;
				GCC_NO_COMMON_BLOCKS = YES;
				GCC_OPTIMIZATION_LEVEL = 0;
				GCC_PREPROCESSOR_DEFINITIONS = (
					"DEBUG=1",
					"$(inherited)",
				);
				GCC_WARN_64_TO_32_BIT_CONVERSION = YES;
				GCC_WARN_ABOUT_RETURN_TYPE = YES_ERROR;
				GCC_WARN_UNDECLARED_SELECTOR = YES;
				GCC_WARN_UNINITIALIZED_AUTOS = YES_AGGRESSIVE;
				GCC_WARN_UNUSED_FUNCTION = YES;
				GCC_WARN_UNUSED_VARIABLE = YES;
				IPHONEOS_DEPLOYMENT_TARGET = 10.3;
				MTL_ENABLE_DEBUG_INFO = YES;
				ONLY_ACTIVE_ARCH = YES;
				SDKROOT = iphoneos;
				SWIFT_ACTIVE_COMPILATION_CONDITIONS = DEBUG;
				SWIFT_OPTIMIZATION_LEVEL = "-Onone";
			};
			name = Debug;
		};
		18BA19851EB479EB00B9A06E /* Release */ = {
			isa = XCBuildConfiguration;
			buildSettings = {
				ALWAYS_SEARCH_USER_PATHS = NO;
				CLANG_ANALYZER_NONNULL = YES;
				CLANG_ANALYZER_NUMBER_OBJECT_CONVERSION = YES_AGGRESSIVE;
				CLANG_CXX_LANGUAGE_STANDARD = "gnu++0x";
				CLANG_CXX_LIBRARY = "libc++";
				CLANG_ENABLE_MODULES = YES;
				CLANG_ENABLE_OBJC_ARC = YES;
				CLANG_WARN_BOOL_CONVERSION = YES;
				CLANG_WARN_CONSTANT_CONVERSION = YES;
				CLANG_WARN_DIRECT_OBJC_ISA_USAGE = YES_ERROR;
				CLANG_WARN_DOCUMENTATION_COMMENTS = YES;
				CLANG_WARN_EMPTY_BODY = YES;
				CLANG_WARN_ENUM_CONVERSION = YES;
				CLANG_WARN_INFINITE_RECURSION = YES;
				CLANG_WARN_INT_CONVERSION = YES;
				CLANG_WARN_OBJC_ROOT_CLASS = YES_ERROR;
				CLANG_WARN_SUSPICIOUS_MOVE = YES;
				CLANG_WARN_UNREACHABLE_CODE = YES;
				CLANG_WARN__DUPLICATE_METHOD_MATCH = YES;
				"CODE_SIGN_IDENTITY[sdk=iphoneos*]" = "iPhone Developer";
				COPY_PHASE_STRIP = NO;
				DEBUG_INFORMATION_FORMAT = "dwarf-with-dsym";
				ENABLE_NS_ASSERTIONS = NO;
				ENABLE_STRICT_OBJC_MSGSEND = YES;
				GCC_C_LANGUAGE_STANDARD = gnu99;
				GCC_NO_COMMON_BLOCKS = YES;
				GCC_WARN_64_TO_32_BIT_CONVERSION = YES;
				GCC_WARN_ABOUT_RETURN_TYPE = YES_ERROR;
				GCC_WARN_UNDECLARED_SELECTOR = YES;
				GCC_WARN_UNINITIALIZED_AUTOS = YES_AGGRESSIVE;
				GCC_WARN_UNUSED_FUNCTION = YES;
				GCC_WARN_UNUSED_VARIABLE = YES;
				IPHONEOS_DEPLOYMENT_TARGET = 10.3;
				MTL_ENABLE_DEBUG_INFO = NO;
				SDKROOT = iphoneos;
				SWIFT_OPTIMIZATION_LEVEL = "-Owholemodule";
				VALIDATE_PRODUCT = YES;
			};
			name = Release;
		};
		18BA19871EB479EB00B9A06E /* Debug */ = {
			isa = XCBuildConfiguration;
			buildSettings = {
				ASSETCATALOG_COMPILER_APPICON_NAME = AppIcon;
				DEVELOPMENT_TEAM = NKW67GFDHM;
				INFOPLIST_FILE = "3D Touch Demo/Info.plist";
				IPHONEOS_DEPLOYMENT_TARGET = 8.0;
				LD_RUNPATH_SEARCH_PATHS = "$(inherited) @executable_path/Frameworks";
				PRODUCT_BUNDLE_IDENTIFIER = "com.sey.-D-Touch-Demo";
				PRODUCT_NAME = "$(TARGET_NAME)";
				SWIFT_VERSION = 3.0;
			};
			name = Debug;
		};
		18BA19881EB479EB00B9A06E /* Release */ = {
			isa = XCBuildConfiguration;
			buildSettings = {
				ASSETCATALOG_COMPILER_APPICON_NAME = AppIcon;
				DEVELOPMENT_TEAM = NKW67GFDHM;
				INFOPLIST_FILE = "3D Touch Demo/Info.plist";
				IPHONEOS_DEPLOYMENT_TARGET = 8.0;
				LD_RUNPATH_SEARCH_PATHS = "$(inherited) @executable_path/Frameworks";
				PRODUCT_BUNDLE_IDENTIFIER = "com.sey.-D-Touch-Demo";
				PRODUCT_NAME = "$(TARGET_NAME)";
				SWIFT_VERSION = 3.0;
			};
			name = Release;
		};
/* End XCBuildConfiguration section */

/* Begin XCConfigurationList section */
		18BA196F1EB479EB00B9A06E /* Build configuration list for PBXProject "3D Touch Demo" */ = {
			isa = XCConfigurationList;
			buildConfigurations = (
				18BA19841EB479EB00B9A06E /* Debug */,
				18BA19851EB479EB00B9A06E /* Release */,
			);
			defaultConfigurationIsVisible = 0;
			defaultConfigurationName = Release;
		};
		18BA19861EB479EB00B9A06E /* Build configuration list for PBXNativeTarget "3D Touch Demo" */ = {
			isa = XCConfigurationList;
			buildConfigurations = (
				18BA19871EB479EB00B9A06E /* Debug */,
				18BA19881EB479EB00B9A06E /* Release */,
			);
			defaultConfigurationIsVisible = 0;
		};
/* End XCConfigurationList section */
	};
	rootObject = 18BA196C1EB479EB00B9A06E /* Project object */;
}
